
Microsoft Visual Studio Solution File, Format Version 12.00
# Visual Studio Version 17
VisualStudioVersion = 17.8.34525.116
MinimumVisualStudioVersion = 10.0.40219.1
Project("{8BC9CEB8-8B4A-11D0-8D11-00A0C91BC942}") = "GameMakeSDL", "GameMakeSDL\GameMakeSDL.vcxproj", "{A99CCDA6-C551-4008-ACA5-AB8F73C7A6EC}"
EndProject
Global
	GlobalSection(SolutionConfigurationPlatforms) = preSolution
		Debug|x64 = Debug|x64
		Debug|x86 = Debug|x86
		Release|x64 = Release|x64
		Release|x86 = Release|x86
	EndGlobalSection
	GlobalSection(ProjectConfigurationPlatforms) = postSolution
		{A99CCDA6-C551-4008-ACA5-AB8F73C7A6EC}.Debug|x64.ActiveCfg = Debug|x64
		{A99CCDA6-C551-4008-ACA5-AB8F73C7A6EC}.Debug|x64.Build.0 = Debug|x64
		{A99CCDA6-C551-4008-ACA5-AB8F73C7A6EC}.Debug|x86.ActiveCfg = Debug|Win32
		{A99CCDA6-C551-4008-ACA5-AB8F73C7A6EC}.Debug|x86.Build.0 = Debug|Win32
		{A99CCDA6-C551-4008-ACA5-AB8F73C7A6EC}.Release|x64.ActiveCfg = Release|x64
		{A99CCDA6-C551-4008-ACA5-AB8F73C7A6EC}.Release|x64.Build.0 = Release|x64
		{A99CCDA6-C551-4008-ACA5-AB8F73C7A6EC}.Release|x86.ActiveCfg = Release|Win32
		{A99CCDA6-C551-4008-ACA5-AB8F73C7A6EC}.Release|x86.Build.0 = Release|Win32
	EndGlobalSection
	GlobalSection(SolutionProperties) = preSolution
		HideSolutionNode = FALSE
	EndGlobalSection
	GlobalSection(ExtensibilityGlobals) = postSolution
		SolutionGuid = {1891B28E-11B6-4387-A88D-7F710A5177D5}
	EndGlobalSection
EndGlobal
